
Microsoft Visual Studio Solution File, Format Version 12.00
# Visual Studio Version 17
VisualStudioVersion = 17.9.34728.123
MinimumVisualStudioVersion = 10.0.40219.1
Project("{FAE04EC0-301F-11D3-BF4B-00C04F79EFBC}") = "App", "App.csproj", "{E7A9C78A-7EA8-485D-8B3A-CC6282D5DBE7}"
EndProject
Global
	GlobalSection(SolutionConfigurationPlatforms) = preSolution
		Debug|Any CPU = Debug|Any CPU
		Release|Any CPU = Release|Any CPU
	EndGlobalSection
	GlobalSection(ProjectConfigurationPlatforms) = postSolution
		{E7A9C78A-7EA8-485D-8B3A-CC6282D5DBE7}.Debug|Any CPU.ActiveCfg = Debug|Any CPU
		{E7A9C78A-7EA8-485D-8B3A-CC6282D5DBE7}.Debug|Any CPU.Build.0 = Debug|Any CPU
		{E7A9C78A-7EA8-485D-8B3A-CC6282D5DBE7}.Release|Any CPU.ActiveCfg = Release|Any CPU
		{E7A9C78A-7EA8-485D-8B3A-CC6282D5DBE7}.Release|Any CPU.Build.0 = Release|Any CPU
	EndGlobalSection
	GlobalSection(SolutionProperties) = preSolution
		HideSolutionNode = FALSE
	EndGlobalSection
	GlobalSection(ExtensibilityGlobals) = postSolution
		SolutionGuid = {A72B9C74-8EF1-43A6-AA59-37DF5780AA65}
	EndGlobalSection
EndGlobal
